
Microsoft Visual Studio Solution File, Format Version 12.00
# Visual Studio Version 17
VisualStudioVersion = 17.1.32421.90
MinimumVisualStudioVersion = 10.0.40219.1
Project("{FAE04EC0-301F-11D3-BF4B-00C04F79EFBC}") = "HealthManagement", "HealthManagement\HealthManagement.csproj", "{3798AFC4-4857-4835-A122-F7B4EFFFEBCC}"
EndProject
Global
	GlobalSection(SolutionConfigurationPlatforms) = preSolution
		Debug|Any CPU = Debug|Any CPU
		Release|Any CPU = Release|Any CPU
	EndGlobalSection
	GlobalSection(ProjectConfigurationPlatforms) = postSolution
		{3798AFC4-4857-4835-A122-F7B4EFFFEBCC}.Debug|Any CPU.ActiveCfg = Debug|Any CPU
		{3798AFC4-4857-4835-A122-F7B4EFFFEBCC}.Debug|Any CPU.Build.0 = Debug|Any CPU
		{3798AFC4-4857-4835-A122-F7B4EFFFEBCC}.Release|Any CPU.ActiveCfg = Release|Any CPU
		{3798AFC4-4857-4835-A122-F7B4EFFFEBCC}.Release|Any CPU.Build.0 = Release|Any CPU
	EndGlobalSection
	GlobalSection(SolutionProperties) = preSolution
		HideSolutionNode = FALSE
	EndGlobalSection
	GlobalSection(ExtensibilityGlobals) = postSolution
		SolutionGuid = {9F132963-AC8B-4A81-B62D-6B2ECE2D3717}
	EndGlobalSection
EndGlobal
